// !$*UTF8*$!
{
	archiveVersion = 1;
	classes = {
	};
	objectVersion = 48;
	objects = {

/* Begin PBXBuildFile section */
		1ECFAA37867958ECF068355C /* Pods_WebRTCappTests.framework in Frameworks */ = {isa = PBXBuildFile; fileRef = 998B801499BFB72757368E6E /* Pods_WebRTCappTests.framework */; };
		39D55D4F21E334C99F83498E /* Pods_WebRTCapp.framework in Frameworks */ = {isa = PBXBuildFile; fileRef = B0E575689992FDF6C7EFDACC /* Pods_WebRTCapp.framework */; };
		C00F44E620989D110096441B /* WebSocketListener.swift in Sources */ = {isa = PBXBuildFile; fileRef = C00F44E520989D110096441B /* WebSocketListener.swift */; };
		C01121CE20B85E8C00C6F7E2 /* remotePeerConnectionDelegate.swift in Sources */ = {isa = PBXBuildFile; fileRef = C01121CD20B85E8C00C6F7E2 /* remotePeerConnectionDelegate.swift */; };
		C02234D020B73A04009F01DC /* CustomPeerConnectionDelegate.swift in Sources */ = {isa = PBXBuildFile; fileRef = C02234CF20B73A04009F01DC /* CustomPeerConnectionDelegate.swift */; };
		C02234D220B74056009F01DC /* localPeerConnectionDelegate.swift in Sources */ = {isa = PBXBuildFile; fileRef = C02234D120B74056009F01DC /* localPeerConnectionDelegate.swift */; };
		C028D735207A676B000943F2 /* Pods_WebRTCapp.framework in CopyFiles */ = {isa = PBXBuildFile; fileRef = B0E575689992FDF6C7EFDACC /* Pods_WebRTCapp.framework */; settings = {ATTRIBUTES = (CodeSignOnCopy, RemoveHeadersOnCopy, ); }; };
		C0AD528520B60E0F00354475 /* JSONConstants.swift in Sources */ = {isa = PBXBuildFile; fileRef = C0AD528420B60E0F00354475 /* JSONConstants.swift */; };
		C0AD528720B60E2A00354475 /* PeersManager.swift in Sources */ = {isa = PBXBuildFile; fileRef = C0AD528620B60E2A00354475 /* PeersManager.swift */; };
		C0AD528920B60E4400354475 /* CustomSdpObserver.swift in Sources */ = {isa = PBXBuildFile; fileRef = C0AD528820B60E4400354475 /* CustomSdpObserver.swift */; };
		C0FD5A8E207A342800371BD5 /* RemoteParticipant.swift in Sources */ = {isa = PBXBuildFile; fileRef = C0FD5A8D207A342800371BD5 /* RemoteParticipant.swift */; };
		C0FF5F062056C9B20035315C /* AppDelegate.swift in Sources */ = {isa = PBXBuildFile; fileRef = C0FF5F052056C9B20035315C /* AppDelegate.swift */; };
		C0FF5F082056C9B20035315C /* ViewController.swift in Sources */ = {isa = PBXBuildFile; fileRef = C0FF5F072056C9B20035315C /* ViewController.swift */; };
		C0FF5F0B2056C9B20035315C /* Main.storyboard in Resources */ = {isa = PBXBuildFile; fileRef = C0FF5F092056C9B20035315C /* Main.storyboard */; };
		C0FF5F0D2056C9B20035315C /* Assets.xcassets in Resources */ = {isa = PBXBuildFile; fileRef = C0FF5F0C2056C9B20035315C /* Assets.xcassets */; };
		C0FF5F102056C9B20035315C /* LaunchScreen.storyboard in Resources */ = {isa = PBXBuildFile; fileRef = C0FF5F0E2056C9B20035315C /* LaunchScreen.storyboard */; };
		C0FF5F1B2056C9B20035315C /* WebRTCappTests.swift in Sources */ = {isa = PBXBuildFile; fileRef = C0FF5F1A2056C9B20035315C /* WebRTCappTests.swift */; };
/* End PBXBuildFile section */

/* Begin PBXContainerItemProxy section */
		C0FF5F172056C9B20035315C /* PBXContainerItemProxy */ = {
			isa = PBXContainerItemProxy;
			containerPortal = C0FF5EFA2056C9B20035315C /* Project object */;
			proxyType = 1;
			remoteGlobalIDString = C0FF5F012056C9B20035315C;
			remoteInfo = WebRTCapp;
		};
/* End PBXContainerItemProxy section */

/* Begin PBXCopyFilesBuildPhase section */
		C028D734207A6740000943F2 /* CopyFiles */ = {
			isa = PBXCopyFilesBuildPhase;
			buildActionMask = 2147483647;
			dstPath = "";
			dstSubfolderSpec = 10;
			files = (
				C028D735207A676B000943F2 /* Pods_WebRTCapp.framework in CopyFiles */,
			);
			runOnlyForDeploymentPostprocessing = 0;
		};
/* End PBXCopyFilesBuildPhase section */

/* Begin PBXFileReference section */
		3FF16E321517C0DD83B82159 /* Pods-WebRTCapp.release.xcconfig */ = {isa = PBXFileReference; includeInIndex = 1; lastKnownFileType = text.xcconfig; name = "Pods-WebRTCapp.release.xcconfig"; path = "Pods/Target Support Files/Pods-WebRTCapp/Pods-WebRTCapp.release.xcconfig"; sourceTree = "<group>"; };
		866664E282AA2BD50EE145DE /* Pods-WebRTCappTests.debug.xcconfig */ = {isa = PBXFileReference; includeInIndex = 1; lastKnownFileType = text.xcconfig; name = "Pods-WebRTCappTests.debug.xcconfig"; path = "Pods/Target Support Files/Pods-WebRTCappTests/Pods-WebRTCappTests.debug.xcconfig"; sourceTree = "<group>"; };
		998B801499BFB72757368E6E /* Pods_WebRTCappTests.framework */ = {isa = PBXFileReference; explicitFileType = wrapper.framework; includeInIndex = 0; path = Pods_WebRTCappTests.framework; sourceTree = BUILT_PRODUCTS_DIR; };
		B0E575689992FDF6C7EFDACC /* Pods_WebRTCapp.framework */ = {isa = PBXFileReference; explicitFileType = wrapper.framework; includeInIndex = 0; path = Pods_WebRTCapp.framework; sourceTree = BUILT_PRODUCTS_DIR; };
		C00F44E520989D110096441B /* WebSocketListener.swift */ = {isa = PBXFileReference; lastKnownFileType = sourcecode.swift; path = WebSocketListener.swift; sourceTree = "<group>"; };
		C01121CD20B85E8C00C6F7E2 /* remotePeerConnectionDelegate.swift */ = {isa = PBXFileReference; lastKnownFileType = sourcecode.swift; path = remotePeerConnectionDelegate.swift; sourceTree = "<group>"; };
		C02234CF20B73A04009F01DC /* CustomPeerConnectionDelegate.swift */ = {isa = PBXFileReference; lastKnownFileType = sourcecode.swift; path = CustomPeerConnectionDelegate.swift; sourceTree = "<group>"; };
		C02234D120B74056009F01DC /* localPeerConnectionDelegate.swift */ = {isa = PBXFileReference; lastKnownFileType = sourcecode.swift; path = localPeerConnectionDelegate.swift; sourceTree = "<group>"; };
		C0AD528420B60E0F00354475 /* JSONConstants.swift */ = {isa = PBXFileReference; lastKnownFileType = sourcecode.swift; path = JSONConstants.swift; sourceTree = "<group>"; };
		C0AD528620B60E2A00354475 /* PeersManager.swift */ = {isa = PBXFileReference; lastKnownFileType = sourcecode.swift; path = PeersManager.swift; sourceTree = "<group>"; };
		C0AD528820B60E4400354475 /* CustomSdpObserver.swift */ = {isa = PBXFileReference; lastKnownFileType = sourcecode.swift; path = CustomSdpObserver.swift; sourceTree = "<group>"; };
		C0FD5A8D207A342800371BD5 /* RemoteParticipant.swift */ = {isa = PBXFileReference; lastKnownFileType = sourcecode.swift; path = RemoteParticipant.swift; sourceTree = "<group>"; };
		C0FF5F022056C9B20035315C /* WebRTCapp.app */ = {isa = PBXFileReference; explicitFileType = wrapper.application; includeInIndex = 0; path = WebRTCapp.app; sourceTree = BUILT_PRODUCTS_DIR; };
		C0FF5F052056C9B20035315C /* AppDelegate.swift */ = {isa = PBXFileReference; lastKnownFileType = sourcecode.swift; path = AppDelegate.swift; sourceTree = "<group>"; };
		C0FF5F072056C9B20035315C /* ViewController.swift */ = {isa = PBXFileReference; lastKnownFileType = sourcecode.swift; path = ViewController.swift; sourceTree = "<group>"; };
		C0FF5F0A2056C9B20035315C /* Base */ = {isa = PBXFileReference; lastKnownFileType = file.storyboard; name = Base; path = Base.lproj/Main.storyboard; sourceTree = "<group>"; };
		C0FF5F0C2056C9B20035315C /* Assets.xcassets */ = {isa = PBXFileReference; lastKnownFileType = folder.assetcatalog; path = Assets.xcassets; sourceTree = "<group>"; };
		C0FF5F0F2056C9B20035315C /* Base */ = {isa = PBXFileReference; lastKnownFileType = file.storyboard; name = Base; path = Base.lproj/LaunchScreen.storyboard; sourceTree = "<group>"; };
		C0FF5F112056C9B20035315C /* Info.plist */ = {isa = PBXFileReference; lastKnownFileType = text.plist.xml; path = Info.plist; sourceTree = "<group>"; };
		C0FF5F162056C9B20035315C /* WebRTCappTests.xctest */ = {isa = PBXFileReference; explicitFileType = wrapper.cfbundle; includeInIndex = 0; path = WebRTCappTests.xctest; sourceTree = BUILT_PRODUCTS_DIR; };
		C0FF5F1A2056C9B20035315C /* WebRTCappTests.swift */ = {isa = PBXFileReference; lastKnownFileType = sourcecode.swift; path = WebRTCappTests.swift; sourceTree = "<group>"; };
		C0FF5F1C2056C9B20035315C /* Info.plist */ = {isa = PBXFileReference; lastKnownFileType = text.plist.xml; path = Info.plist; sourceTree = "<group>"; };
		F48D962592B89C7ABD2AF99F /* Pods-WebRTCappTests.release.xcconfig */ = {isa = PBXFileReference; includeInIndex = 1; lastKnownFileType = text.xcconfig; name = "Pods-WebRTCappTests.release.xcconfig"; path = "Pods/Target Support Files/Pods-WebRTCappTests/Pods-WebRTCappTests.release.xcconfig"; sourceTree = "<group>"; };
		F4EC3C8854B40485723C71E7 /* Pods-WebRTCapp.debug.xcconfig */ = {isa = PBXFileReference; includeInIndex = 1; lastKnownFileType = text.xcconfig; name = "Pods-WebRTCapp.debug.xcconfig"; path = "Pods/Target Support Files/Pods-WebRTCapp/Pods-WebRTCapp.debug.xcconfig"; sourceTree = "<group>"; };
/* End PBXFileReference section */

/* Begin PBXFrameworksBuildPhase section */
		C0FF5EFF2056C9B20035315C /* Frameworks */ = {
			isa = PBXFrameworksBuildPhase;
			buildActionMask = 2147483647;
			files = (
				39D55D4F21E334C99F83498E /* Pods_WebRTCapp.framework in Frameworks */,
			);
			runOnlyForDeploymentPostprocessing = 0;
		};
		C0FF5F132056C9B20035315C /* Frameworks */ = {
			isa = PBXFrameworksBuildPhase;
			buildActionMask = 2147483647;
			files = (
				1ECFAA37867958ECF068355C /* Pods_WebRTCappTests.framework in Frameworks */,
			);
			runOnlyForDeploymentPostprocessing = 0;
		};
/* End PBXFrameworksBuildPhase section */

/* Begin PBXGroup section */
		286AB63DC1871854CB6883C0 /* Frameworks */ = {
			isa = PBXGroup;
			children = (
				B0E575689992FDF6C7EFDACC /* Pods_WebRTCapp.framework */,
				998B801499BFB72757368E6E /* Pods_WebRTCappTests.framework */,
			);
			name = Frameworks;
			sourceTree = "<group>";
		};
		C0CD3F8520BC3E950039C77F /* PeerConnection */ = {
			isa = PBXGroup;
			children = (
				C02234CF20B73A04009F01DC /* CustomPeerConnectionDelegate.swift */,
				C02234D120B74056009F01DC /* localPeerConnectionDelegate.swift */,
				C01121CD20B85E8C00C6F7E2 /* remotePeerConnectionDelegate.swift */,
			);
			path = PeerConnection;
			sourceTree = "<group>";
		};
		C0FF5EF92056C9B20035315C = {
			isa = PBXGroup;
			children = (
				C0FF5F042056C9B20035315C /* WebRTCapp */,
				C0FF5F192056C9B20035315C /* WebRTCappTests */,
				C0FF5F032056C9B20035315C /* Products */,
				C53C1C4257C4134BD066C13B /* Pods */,
				286AB63DC1871854CB6883C0 /* Frameworks */,
			);
			sourceTree = "<group>";
		};
		C0FF5F032056C9B20035315C /* Products */ = {
			isa = PBXGroup;
			children = (
				C0FF5F022056C9B20035315C /* WebRTCapp.app */,
				C0FF5F162056C9B20035315C /* WebRTCappTests.xctest */,
			);
			name = Products;
			sourceTree = "<group>";
		};
		C0FF5F042056C9B20035315C /* WebRTCapp */ = {
			isa = PBXGroup;
			children = (
				C0CD3F8520BC3E950039C77F /* PeerConnection */,
				C0FF5F052056C9B20035315C /* AppDelegate.swift */,
				C0FF5F072056C9B20035315C /* ViewController.swift */,
				C0FF5F092056C9B20035315C /* Main.storyboard */,
				C0FF5F0C2056C9B20035315C /* Assets.xcassets */,
				C0FF5F0E2056C9B20035315C /* LaunchScreen.storyboard */,
				C0FF5F112056C9B20035315C /* Info.plist */,
				C0FD5A8D207A342800371BD5 /* RemoteParticipant.swift */,
				C00F44E520989D110096441B /* WebSocketListener.swift */,
				C0AD528420B60E0F00354475 /* JSONConstants.swift */,
				C0AD528620B60E2A00354475 /* PeersManager.swift */,
				C0AD528820B60E4400354475 /* CustomSdpObserver.swift */,
			);
			path = WebRTCapp;
			sourceTree = "<group>";
		};
		C0FF5F192056C9B20035315C /* WebRTCappTests */ = {
			isa = PBXGroup;
			children = (
				C0FF5F1A2056C9B20035315C /* WebRTCappTests.swift */,
				C0FF5F1C2056C9B20035315C /* Info.plist */,
			);
			path = WebRTCappTests;
			sourceTree = "<group>";
		};
		C53C1C4257C4134BD066C13B /* Pods */ = {
			isa = PBXGroup;
			children = (
				F4EC3C8854B40485723C71E7 /* Pods-WebRTCapp.debug.xcconfig */,
				3FF16E321517C0DD83B82159 /* Pods-WebRTCapp.release.xcconfig */,
				866664E282AA2BD50EE145DE /* Pods-WebRTCappTests.debug.xcconfig */,
				F48D962592B89C7ABD2AF99F /* Pods-WebRTCappTests.release.xcconfig */,
			);
			name = Pods;
			sourceTree = "<group>";
		};
/* End PBXGroup section */

/* Begin PBXNativeTarget section */
		C0FF5F012056C9B20035315C /* WebRTCapp */ = {
			isa = PBXNativeTarget;
			buildConfigurationList = C0FF5F1F2056C9B20035315C /* Build configuration list for PBXNativeTarget "WebRTCapp" */;
			buildPhases = (
				594106C4C39B13F13225E7A3 /* [CP] Check Pods Manifest.lock */,
				C0FF5EFE2056C9B20035315C /* Sources */,
				C0FF5EFF2056C9B20035315C /* Frameworks */,
				C0FF5F002056C9B20035315C /* Resources */,
				435AA92CD614FC3A35914C16 /* [CP] Embed Pods Frameworks */,
				C028D734207A6740000943F2 /* CopyFiles */,
			);
			buildRules = (
			);
			dependencies = (
			);
			name = WebRTCapp;
			productName = WebRTCapp;
			productReference = C0FF5F022056C9B20035315C /* WebRTCapp.app */;
			productType = "com.apple.product-type.application";
		};
		C0FF5F152056C9B20035315C /* WebRTCappTests */ = {
			isa = PBXNativeTarget;
			buildConfigurationList = C0FF5F222056C9B20035315C /* Build configuration list for PBXNativeTarget "WebRTCappTests" */;
			buildPhases = (
				4CB519AF88CD929E7127DDE4 /* [CP] Check Pods Manifest.lock */,
				C0FF5F122056C9B20035315C /* Sources */,
				C0FF5F132056C9B20035315C /* Frameworks */,
				C0FF5F142056C9B20035315C /* Resources */,
			);
			buildRules = (
			);
			dependencies = (
				C0FF5F182056C9B20035315C /* PBXTargetDependency */,
			);
			name = WebRTCappTests;
			productName = WebRTCappTests;
			productReference = C0FF5F162056C9B20035315C /* WebRTCappTests.xctest */;
			productType = "com.apple.product-type.bundle.unit-test";
		};
/* End PBXNativeTarget section */

/* Begin PBXProject section */
		C0FF5EFA2056C9B20035315C /* Project object */ = {
			isa = PBXProject;
			attributes = {
				LastSwiftUpdateCheck = 0920;
				LastUpgradeCheck = 0930;
				ORGANIZATIONNAME = "Sergio Paniego Blanco";
				TargetAttributes = {
					C0FF5F012056C9B20035315C = {
						CreatedOnToolsVersion = 9.2;
						ProvisioningStyle = Automatic;
					};
					C0FF5F152056C9B20035315C = {
						CreatedOnToolsVersion = 9.2;
						ProvisioningStyle = Automatic;
						TestTargetID = C0FF5F012056C9B20035315C;
					};
				};
			};
			buildConfigurationList = C0FF5EFD2056C9B20035315C /* Build configuration list for PBXProject "WebRTCapp" */;
			compatibilityVersion = "Xcode 8.0";
			developmentRegion = en;
			hasScannedForEncodings = 0;
			knownRegions = (
				en,
				Base,
			);
			mainGroup = C0FF5EF92056C9B20035315C;
			productRefGroup = C0FF5F032056C9B20035315C /* Products */;
			projectDirPath = "";
			projectRoot = "";
			targets = (
				C0FF5F012056C9B20035315C /* WebRTCapp */,
				C0FF5F152056C9B20035315C /* WebRTCappTests */,
			);
		};
/* End PBXProject section */

/* Begin PBXResourcesBuildPhase section */
		C0FF5F002056C9B20035315C /* Resources */ = {
			isa = PBXResourcesBuildPhase;
			buildActionMask = 2147483647;
			files = (
				C0FF5F102056C9B20035315C /* LaunchScreen.storyboard in Resources */,
				C0FF5F0D2056C9B20035315C /* Assets.xcassets in Resources */,
				C0FF5F0B2056C9B20035315C /* Main.storyboard in Resources */,
			);
			runOnlyForDeploymentPostprocessing = 0;
		};
		C0FF5F142056C9B20035315C /* Resources */ = {
			isa = PBXResourcesBuildPhase;
			buildActionMask = 2147483647;
			files = (
			);
			runOnlyForDeploymentPostprocessing = 0;
		};
/* End PBXResourcesBuildPhase section */

/* Begin PBXShellScriptBuildPhase section */
		435AA92CD614FC3A35914C16 /* [CP] Embed Pods Frameworks */ = {
			isa = PBXShellScriptBuildPhase;
			buildActionMask = 2147483647;
			files = (
			);
			inputPaths = (
				"${SRCROOT}/Pods/Target Support Files/Pods-WebRTCapp/Pods-WebRTCapp-frameworks.sh",
				"${BUILT_PRODUCTS_DIR}/Starscream/Starscream.framework",
				"${PODS_ROOT}/WebRTC/WebRTC.framework",
			);
			name = "[CP] Embed Pods Frameworks";
			outputPaths = (
				"${TARGET_BUILD_DIR}/${FRAMEWORKS_FOLDER_PATH}/Starscream.framework",
				"${TARGET_BUILD_DIR}/${FRAMEWORKS_FOLDER_PATH}/WebRTC.framework",
			);
			runOnlyForDeploymentPostprocessing = 0;
			shellPath = /bin/sh;
			shellScript = "\"${SRCROOT}/Pods/Target Support Files/Pods-WebRTCapp/Pods-WebRTCapp-frameworks.sh\"\n";
			showEnvVarsInLog = 0;
		};
		4CB519AF88CD929E7127DDE4 /* [CP] Check Pods Manifest.lock */ = {
			isa = PBXShellScriptBuildPhase;
			buildActionMask = 2147483647;
			files = (
			);
			inputPaths = (
				"${PODS_PODFILE_DIR_PATH}/Podfile.lock",
				"${PODS_ROOT}/Manifest.lock",
			);
			name = "[CP] Check Pods Manifest.lock";
			outputPaths = (
				"$(DERIVED_FILE_DIR)/Pods-WebRTCappTests-checkManifestLockResult.txt",
			);
			runOnlyForDeploymentPostprocessing = 0;
			shellPath = /bin/sh;
			shellScript = "diff \"${PODS_PODFILE_DIR_PATH}/Podfile.lock\" \"${PODS_ROOT}/Manifest.lock\" > /dev/null\nif [ $? != 0 ] ; then\n    # print error to STDERR\n    echo \"error: The sandbox is not in sync with the Podfile.lock. Run 'pod install' or update your CocoaPods installation.\" >&2\n    exit 1\nfi\n# This output is used by Xcode 'outputs' to avoid re-running this script phase.\necho \"SUCCESS\" > \"${SCRIPT_OUTPUT_FILE_0}\"\n";
			showEnvVarsInLog = 0;
		};
		594106C4C39B13F13225E7A3 /* [CP] Check Pods Manifest.lock */ = {
			isa = PBXShellScriptBuildPhase;
			buildActionMask = 2147483647;
			files = (
			);
			inputPaths = (
				"${PODS_PODFILE_DIR_PATH}/Podfile.lock",
				"${PODS_ROOT}/Manifest.lock",
			);
			name = "[CP] Check Pods Manifest.lock";
			outputPaths = (
				"$(DERIVED_FILE_DIR)/Pods-WebRTCapp-checkManifestLockResult.txt",
			);
			runOnlyForDeploymentPostprocessing = 0;
			shellPath = /bin/sh;
			shellScript = "diff \"${PODS_PODFILE_DIR_PATH}/Podfile.lock\" \"${PODS_ROOT}/Manifest.lock\" > /dev/null\nif [ $? != 0 ] ; then\n    # print error to STDERR\n    echo \"error: The sandbox is not in sync with the Podfile.lock. Run 'pod install' or update your CocoaPods installation.\" >&2\n    exit 1\nfi\n# This output is used by Xcode 'outputs' to avoid re-running this script phase.\necho \"SUCCESS\" > \"${SCRIPT_OUTPUT_FILE_0}\"\n";
			showEnvVarsInLog = 0;
		};
/* End PBXShellScriptBuildPhase section */

/* Begin PBXSourcesBuildPhase section */
		C0FF5EFE2056C9B20035315C /* Sources */ = {
			isa = PBXSourcesBuildPhase;
			buildActionMask = 2147483647;
			files = (
				C0FF5F082056C9B20035315C /* ViewController.swift in Sources */,
				C0FD5A8E207A342800371BD5 /* RemoteParticipant.swift in Sources */,
				C0AD528520B60E0F00354475 /* JSONConstants.swift in Sources */,
				C02234D020B73A04009F01DC /* CustomPeerConnectionDelegate.swift in Sources */,
				C0AD528720B60E2A00354475 /* PeersManager.swift in Sources */,
				C0AD528920B60E4400354475 /* CustomSdpObserver.swift in Sources */,
				C0FF5F062056C9B20035315C /* AppDelegate.swift in Sources */,
				C00F44E620989D110096441B /* WebSocketListener.swift in Sources */,
				C01121CE20B85E8C00C6F7E2 /* remotePeerConnectionDelegate.swift in Sources */,
				C02234D220B74056009F01DC /* localPeerConnectionDelegate.swift in Sources */,
			);
			runOnlyForDeploymentPostprocessing = 0;
		};
		C0FF5F122056C9B20035315C /* Sources */ = {
			isa = PBXSourcesBuildPhase;
			buildActionMask = 2147483647;
			files = (
				C0FF5F1B2056C9B20035315C /* WebRTCappTests.swift in Sources */,
			);
			runOnlyForDeploymentPostprocessing = 0;
		};
/* End PBXSourcesBuildPhase section */

/* Begin PBXTargetDependency section */
		C0FF5F182056C9B20035315C /* PBXTargetDependency */ = {
			isa = PBXTargetDependency;
			target = C0FF5F012056C9B20035315C /* WebRTCapp */;
			targetProxy = C0FF5F172056C9B20035315C /* PBXContainerItemProxy */;
		};
/* End PBXTargetDependency section */

/* Begin PBXVariantGroup section */
		C0FF5F092056C9B20035315C /* Main.storyboard */ = {
			isa = PBXVariantGroup;
			children = (
				C0FF5F0A2056C9B20035315C /* Base */,
			);
			name = Main.storyboard;
			sourceTree = "<group>";
		};
		C0FF5F0E2056C9B20035315C /* LaunchScreen.storyboard */ = {
			isa = PBXVariantGroup;
			children = (
				C0FF5F0F2056C9B20035315C /* Base */,
			);
			name = LaunchScreen.storyboard;
			sourceTree = "<group>";
		};
/* End PBXVariantGroup section */

/* Begin XCBuildConfiguration section */
		C0FF5F1D2056C9B20035315C /* Debug */ = {
			isa = XCBuildConfiguration;
			buildSettings = {
				ALWAYS_SEARCH_USER_PATHS = NO;
				CLANG_ANALYZER_NONNULL = YES;
				CLANG_ANALYZER_NUMBER_OBJECT_CONVERSION = YES_AGGRESSIVE;
				CLANG_CXX_LANGUAGE_STANDARD = "gnu++14";
				CLANG_CXX_LIBRARY = "libc++";
				CLANG_ENABLE_MODULES = YES;
				CLANG_ENABLE_OBJC_ARC = YES;
				CLANG_WARN_BLOCK_CAPTURE_AUTORELEASING = YES;
				CLANG_WARN_BOOL_CONVERSION = YES;
				CLANG_WARN_COMMA = YES;
				CLANG_WARN_CONSTANT_CONVERSION = YES;
				CLANG_WARN_DEPRECATED_OBJC_IMPLEMENTATIONS = YES;
				CLANG_WARN_DIRECT_OBJC_ISA_USAGE = YES_ERROR;
				CLANG_WARN_DOCUMENTATION_COMMENTS = YES;
				CLANG_WARN_EMPTY_BODY = YES;
				CLANG_WARN_ENUM_CONVERSION = YES;
				CLANG_WARN_INFINITE_RECURSION = YES;
				CLANG_WARN_INT_CONVERSION = YES;
				CLANG_WARN_NON_LITERAL_NULL_CONVERSION = YES;
				CLANG_WARN_OBJC_IMPLICIT_RETAIN_SELF = YES;
				CLANG_WARN_OBJC_LITERAL_CONVERSION = YES;
				CLANG_WARN_OBJC_ROOT_CLASS = YES_ERROR;
				CLANG_WARN_RANGE_LOOP_ANALYSIS = YES;
				CLANG_WARN_STRICT_PROTOTYPES = YES;
				CLANG_WARN_SUSPICIOUS_MOVE = YES;
				CLANG_WARN_UNGUARDED_AVAILABILITY = YES_AGGRESSIVE;
				CLANG_WARN_UNREACHABLE_CODE = YES;
				CLANG_WARN__DUPLICATE_METHOD_MATCH = YES;
				CODE_SIGN_IDENTITY = "iPhone Developer";
				COPY_PHASE_STRIP = NO;
				DEBUG_INFORMATION_FORMAT = dwarf;
				ENABLE_STRICT_OBJC_MSGSEND = YES;
				ENABLE_TESTABILITY = YES;
				GCC_C_LANGUAGE_STANDARD = gnu11;
				GCC_DYNAMIC_NO_PIC = NO;
				GCC_NO_COMMON_BLOCKS = YES;
				GCC_OPTIMIZATION_LEVEL = 0;
				GCC_PREPROCESSOR_DEFINITIONS = (
					"DEBUG=1",
					"$(inherited)",
				);
				GCC_WARN_64_TO_32_BIT_CONVERSION = YES;
				GCC_WARN_ABOUT_RETURN_TYPE = YES_ERROR;
				GCC_WARN_UNDECLARED_SELECTOR = YES;
				GCC_WARN_UNINITIALIZED_AUTOS = YES_AGGRESSIVE;
				GCC_WARN_UNUSED_FUNCTION = YES;
				GCC_WARN_UNUSED_VARIABLE = YES;
				IPHONEOS_DEPLOYMENT_TARGET = 11.2;
				MTL_ENABLE_DEBUG_INFO = YES;
				ONLY_ACTIVE_ARCH = YES;
				SDKROOT = iphoneos;
				SWIFT_ACTIVE_COMPILATION_CONDITIONS = DEBUG;
				SWIFT_OPTIMIZATION_LEVEL = "-Onone";
			};
			name = Debug;
		};
		C0FF5F1E2056C9B20035315C /* Release */ = {
			isa = XCBuildConfiguration;
			buildSettings = {
				ALWAYS_SEARCH_USER_PATHS = NO;
				CLANG_ANALYZER_NONNULL = YES;
				CLANG_ANALYZER_NUMBER_OBJECT_CONVERSION = YES_AGGRESSIVE;
				CLANG_CXX_LANGUAGE_STANDARD = "gnu++14";
				CLANG_CXX_LIBRARY = "libc++";
				CLANG_ENABLE_MODULES = YES;
				CLANG_ENABLE_OBJC_ARC = YES;
				CLANG_WARN_BLOCK_CAPTURE_AUTORELEASING = YES;
				CLANG_WARN_BOOL_CONVERSION = YES;
				CLANG_WARN_COMMA = YES;
				CLANG_WARN_CONSTANT_CONVERSION = YES;
				CLANG_WARN_DEPRECATED_OBJC_IMPLEMENTATIONS = YES;
				CLANG_WARN_DIRECT_OBJC_ISA_USAGE = YES_ERROR;
				CLANG_WARN_DOCUMENTATION_COMMENTS = YES;
				CLANG_WARN_EMPTY_BODY = YES;
				CLANG_WARN_ENUM_CONVERSION = YES;
				CLANG_WARN_INFINITE_RECURSION = YES;
				CLANG_WARN_INT_CONVERSION = YES;
				CLANG_WARN_NON_LITERAL_NULL_CONVERSION = YES;
				CLANG_WARN_OBJC_IMPLICIT_RETAIN_SELF = YES;
				CLANG_WARN_OBJC_LITERAL_CONVERSION = YES;
				CLANG_WARN_OBJC_ROOT_CLASS = YES_ERROR;
				CLANG_WARN_RANGE_LOOP_ANALYSIS = YES;
				CLANG_WARN_STRICT_PROTOTYPES = YES;
				CLANG_WARN_SUSPICIOUS_MOVE = YES;
				CLANG_WARN_UNGUARDED_AVAILABILITY = YES_AGGRESSIVE;
				CLANG_WARN_UNREACHABLE_CODE = YES;
				CLANG_WARN__DUPLICATE_METHOD_MATCH = YES;
				CODE_SIGN_IDENTITY = "iPhone Developer";
				COPY_PHASE_STRIP = NO;
				DEBUG_INFORMATION_FORMAT = "dwarf-with-dsym";
				ENABLE_NS_ASSERTIONS = NO;
				ENABLE_STRICT_OBJC_MSGSEND = YES;
				GCC_C_LANGUAGE_STANDARD = gnu11;
				GCC_NO_COMMON_BLOCKS = YES;
				GCC_WARN_64_TO_32_BIT_CONVERSION = YES;
				GCC_WARN_ABOUT_RETURN_TYPE = YES_ERROR;
				GCC_WARN_UNDECLARED_SELECTOR = YES;
				GCC_WARN_UNINITIALIZED_AUTOS = YES_AGGRESSIVE;
				GCC_WARN_UNUSED_FUNCTION = YES;
				GCC_WARN_UNUSED_VARIABLE = YES;
				IPHONEOS_DEPLOYMENT_TARGET = 11.2;
				MTL_ENABLE_DEBUG_INFO = NO;
				SDKROOT = iphoneos;
				SWIFT_OPTIMIZATION_LEVEL = "-Owholemodule";
				VALIDATE_PRODUCT = YES;
			};
			name = Release;
		};
		C0FF5F202056C9B20035315C /* Debug */ = {
			isa = XCBuildConfiguration;
			baseConfigurationReference = F4EC3C8854B40485723C71E7 /* Pods-WebRTCapp.debug.xcconfig */;
			buildSettings = {
				ASSETCATALOG_COMPILER_APPICON_NAME = AppIcon;
				CODE_SIGN_STYLE = Automatic;
				ENABLE_BITCODE = NO;
				HEADER_SEARCH_PATHS = "$(SRCROOT)/Pods/**";
				INFOPLIST_FILE = WebRTCapp/Info.plist;
				LD_RUNPATH_SEARCH_PATHS = "$(inherited) @executable_path/Frameworks";
				PRODUCT_BUNDLE_IDENTIFIER = Sergio.WebRTCapp;
				PRODUCT_NAME = "$(TARGET_NAME)";
				SWIFT_VERSION = 4.0;
				TARGETED_DEVICE_FAMILY = "1,2";
			};
			name = Debug;
		};
		C0FF5F212056C9B20035315C /* Release */ = {
			isa = XCBuildConfiguration;
			baseConfigurationReference = 3FF16E321517C0DD83B82159 /* Pods-WebRTCapp.release.xcconfig */;
			buildSettings = {
				ASSETCATALOG_COMPILER_APPICON_NAME = AppIcon;
				CODE_SIGN_STYLE = Automatic;
				ENABLE_BITCODE = NO;
				HEADER_SEARCH_PATHS = "$(SRCROOT)/Pods/**";
				INFOPLIST_FILE = WebRTCapp/Info.plist;
				LD_RUNPATH_SEARCH_PATHS = "$(inherited) @executable_path/Frameworks";
				PRODUCT_BUNDLE_IDENTIFIER = Sergio.WebRTCapp;
				PRODUCT_NAME = "$(TARGET_NAME)";
				SWIFT_VERSION = 4.0;
				TARGETED_DEVICE_FAMILY = "1,2";
			};
			name = Release;
		};
		C0FF5F232056C9B20035315C /* Debug */ = {
			isa = XCBuildConfiguration;
			baseConfigurationReference = 866664E282AA2BD50EE145DE /* Pods-WebRTCappTests.debug.xcconfig */;
			buildSettings = {
				ALWAYS_EMBED_SWIFT_STANDARD_LIBRARIES = YES;
				BUNDLE_LOADER = "$(TEST_HOST)";
				CODE_SIGN_STYLE = Automatic;
				INFOPLIST_FILE = WebRTCappTests/Info.plist;
				LD_RUNPATH_SEARCH_PATHS = "$(inherited) @executable_path/Frameworks @loader_path/Frameworks";
				PRODUCT_BUNDLE_IDENTIFIER = Sergio.WebRTCappTests;
				PRODUCT_NAME = "$(TARGET_NAME)";
				SWIFT_VERSION = 4.0;
				TARGETED_DEVICE_FAMILY = "1,2";
				TEST_HOST = "$(BUILT_PRODUCTS_DIR)/WebRTCapp.app/WebRTCapp";
			};
			name = Debug;
		};
		C0FF5F242056C9B20035315C /* Release */ = {
			isa = XCBuildConfiguration;
			baseConfigurationReference = F48D962592B89C7ABD2AF99F /* Pods-WebRTCappTests.release.xcconfig */;
			buildSettings = {
				ALWAYS_EMBED_SWIFT_STANDARD_LIBRARIES = YES;
				BUNDLE_LOADER = "$(TEST_HOST)";
				CODE_SIGN_STYLE = Automatic;
				INFOPLIST_FILE = WebRTCappTests/Info.plist;
				LD_RUNPATH_SEARCH_PATHS = "$(inherited) @executable_path/Frameworks @loader_path/Frameworks";
				PRODUCT_BUNDLE_IDENTIFIER = Sergio.WebRTCappTests;
				PRODUCT_NAME = "$(TARGET_NAME)";
				SWIFT_VERSION = 4.0;
				TARGETED_DEVICE_FAMILY = "1,2";
				TEST_HOST = "$(BUILT_PRODUCTS_DIR)/WebRTCapp.app/WebRTCapp";
			};
			name = Release;
		};
/* End XCBuildConfiguration section */

/* Begin XCConfigurationList section */
		C0FF5EFD2056C9B20035315C /* Build configuration list for PBXProject "WebRTCapp" */ = {
			isa = XCConfigurationList;
			buildConfigurations = (
				C0FF5F1D2056C9B20035315C /* Debug */,
				C0FF5F1E2056C9B20035315C /* Release */,
			);
			defaultConfigurationIsVisible = 0;
			defaultConfigurationName = Release;
		};
		C0FF5F1F2056C9B20035315C /* Build configuration list for PBXNativeTarget "WebRTCapp" */ = {
			isa = XCConfigurationList;
			buildConfigurations = (
				C0FF5F202056C9B20035315C /* Debug */,
				C0FF5F212056C9B20035315C /* Release */,
			);
			defaultConfigurationIsVisible = 0;
			defaultConfigurationName = Release;
		};
		C0FF5F222056C9B20035315C /* Build configuration list for PBXNativeTarget "WebRTCappTests" */ = {
			isa = XCConfigurationList;
			buildConfigurations = (
				C0FF5F232056C9B20035315C /* Debug */,
				C0FF5F242056C9B20035315C /* Release */,
			);
			defaultConfigurationIsVisible = 0;
			defaultConfigurationName = Release;
		};
/* End XCConfigurationList section */
	};
	rootObject = C0FF5EFA2056C9B20035315C /* Project object */;
}
